// !$*UTF8*$!
{
	archiveVersion = 1;
	classes = {
	};
	objectVersion = 46;
	objects = {

/* Begin PBXBuildFile section */
		294354F31AEAC3C30094BAD5 /* batImages.atlas in Resources */ = {isa = PBXBuildFile; fileRef = 294354F01AEAC3C30094BAD5 /* batImages.atlas */; };
		294354F41AEAC3C30094BAD5 /* Images.xcassets in Resources */ = {isa = PBXBuildFile; fileRef = 294354F11AEAC3C30094BAD5 /* Images.xcassets */; };
		294354F51AEAC3C30094BAD5 /* mageImages.atlas in Resources */ = {isa = PBXBuildFile; fileRef = 294354F21AEAC3C30094BAD5 /* mageImages.atlas */; };
		294354FB1AEAC49F0094BAD5 /* gameMusic.mp3 in Resources */ = {isa = PBXBuildFile; fileRef = 294354FA1AEAC49F0094BAD5 /* gameMusic.mp3 */; };
		294354FD1AEAC4C10094BAD5 /* menuMusic.mp3 in Resources */ = {isa = PBXBuildFile; fileRef = 294354FC1AEAC4C10094BAD5 /* menuMusic.mp3 */; };
		56B3D8811AE1ABBE00DB9715 /* GameMenuScene.m in Sources */ = {isa = PBXBuildFile; fileRef = 56B3D87E1AE1ABBE00DB9715 /* GameMenuScene.m */; };
		56B3D8821AE1ABBE00DB9715 /* GameOverScene.m in Sources */ = {isa = PBXBuildFile; fileRef = 56B3D8801AE1ABBE00DB9715 /* GameOverScene.m */; };
		56D67B531AD6EAF90032CAA3 /* main.m in Sources */ = {isa = PBXBuildFile; fileRef = 56D67B521AD6EAF90032CAA3 /* main.m */; };
		56D67B561AD6EAF90032CAA3 /* AppDelegate.m in Sources */ = {isa = PBXBuildFile; fileRef = 56D67B551AD6EAF90032CAA3 /* AppDelegate.m */; };
		56D67B591AD6EAF90032CAA3 /* GameScene.m in Sources */ = {isa = PBXBuildFile; fileRef = 56D67B581AD6EAF90032CAA3 /* GameScene.m */; };
		56D67B5B1AD6EAF90032CAA3 /* GameScene.sks in Resources */ = {isa = PBXBuildFile; fileRef = 56D67B5A1AD6EAF90032CAA3 /* GameScene.sks */; };
		56D67B5E1AD6EAF90032CAA3 /* GameViewController.m in Sources */ = {isa = PBXBuildFile; fileRef = 56D67B5D1AD6EAF90032CAA3 /* GameViewController.m */; };
		56D67B611AD6EAF90032CAA3 /* Main.storyboard in Resources */ = {isa = PBXBuildFile; fileRef = 56D67B5F1AD6EAF90032CAA3 /* Main.storyboard */; };
		56D67B661AD6EAF90032CAA3 /* LaunchScreen.xib in Resources */ = {isa = PBXBuildFile; fileRef = 56D67B641AD6EAF90032CAA3 /* LaunchScreen.xib */; };
		56D67B721AD6EAF90032CAA3 /* MagicFlightTests.m in Sources */ = {isa = PBXBuildFile; fileRef = 56D67B711AD6EAF90032CAA3 /* MagicFlightTests.m */; };
		56EFFE111AE598DC0096411D /* GamePausedScene.m in Sources */ = {isa = PBXBuildFile; fileRef = 56EFFE101AE598DC0096411D /* GamePausedScene.m */; };
		8FC896511AEAE0C900832C7D /* GameMenuSceneViewController.m in Sources */ = {isa = PBXBuildFile; fileRef = 8FC896501AEAE0C900832C7D /* GameMenuSceneViewController.m */; };
		8FC896531AEAE24700832C7D /* GameKit.framework in Frameworks */ = {isa = PBXBuildFile; fileRef = 8FC896521AEAE24700832C7D /* GameKit.framework */; };
/* End PBXBuildFile section */

/* Begin PBXContainerItemProxy section */
		56D67B6C1AD6EAF90032CAA3 /* PBXContainerItemProxy */ = {
			isa = PBXContainerItemProxy;
			containerPortal = 56D67B451AD6EAF90032CAA3 /* Project object */;
			proxyType = 1;
			remoteGlobalIDString = 56D67B4C1AD6EAF90032CAA3;
			remoteInfo = MagicFlight;
		};
/* End PBXContainerItemProxy section */

/* Begin PBXFileReference section */
		294354F01AEAC3C30094BAD5 /* batImages.atlas */ = {isa = PBXFileReference; lastKnownFileType = folder.skatlas; path = batImages.atlas; sourceTree = "<group>"; };
		294354F11AEAC3C30094BAD5 /* Images.xcassets */ = {isa = PBXFileReference; lastKnownFileType = folder.assetcatalog; path = Images.xcassets; sourceTree = "<group>"; };
		294354F21AEAC3C30094BAD5 /* mageImages.atlas */ = {isa = PBXFileReference; lastKnownFileType = folder.skatlas; path = mageImages.atlas; sourceTree = "<group>"; };
		294354F81AEAC4480094BAD5 /* EnglishTowne.ttf */ = {isa = PBXFileReference; lastKnownFileType = file; path = EnglishTowne.ttf; sourceTree = "<group>"; };
		294354FA1AEAC49F0094BAD5 /* gameMusic.mp3 */ = {isa = PBXFileReference; lastKnownFileType = audio.mp3; path = gameMusic.mp3; sourceTree = "<group>"; };
		294354FC1AEAC4C10094BAD5 /* menuMusic.mp3 */ = {isa = PBXFileReference; lastKnownFileType = audio.mp3; path = menuMusic.mp3; sourceTree = "<group>"; };
		56B3D87D1AE1ABBE00DB9715 /* GameMenuScene.h */ = {isa = PBXFileReference; fileEncoding = 4; lastKnownFileType = sourcecode.c.h; path = GameMenuScene.h; sourceTree = "<group>"; };
		56B3D87E1AE1ABBE00DB9715 /* GameMenuScene.m */ = {isa = PBXFileReference; fileEncoding = 4; lastKnownFileType = sourcecode.c.objc; path = GameMenuScene.m; sourceTree = "<group>"; };
		56B3D87F1AE1ABBE00DB9715 /* GameOverScene.h */ = {isa = PBXFileReference; fileEncoding = 4; lastKnownFileType = sourcecode.c.h; path = GameOverScene.h; sourceTree = "<group>"; };
		56B3D8801AE1ABBE00DB9715 /* GameOverScene.m */ = {isa = PBXFileReference; fileEncoding = 4; lastKnownFileType = sourcecode.c.objc; path = GameOverScene.m; sourceTree = "<group>"; };
		56D67B4D1AD6EAF90032CAA3 /* MagicFlight.app */ = {isa = PBXFileReference; explicitFileType = wrapper.application; includeInIndex = 0; path = MagicFlight.app; sourceTree = BUILT_PRODUCTS_DIR; };
		56D67B511AD6EAF90032CAA3 /* Info.plist */ = {isa = PBXFileReference; lastKnownFileType = text.plist.xml; path = Info.plist; sourceTree = "<group>"; };
		56D67B521AD6EAF90032CAA3 /* main.m */ = {isa = PBXFileReference; lastKnownFileType = sourcecode.c.objc; path = main.m; sourceTree = "<group>"; };
		56D67B541AD6EAF90032CAA3 /* AppDelegate.h */ = {isa = PBXFileReference; lastKnownFileType = sourcecode.c.h; path = AppDelegate.h; sourceTree = "<group>"; };
		56D67B551AD6EAF90032CAA3 /* AppDelegate.m */ = {isa = PBXFileReference; lastKnownFileType = sourcecode.c.objc; path = AppDelegate.m; sourceTree = "<group>"; };
		56D67B571AD6EAF90032CAA3 /* GameScene.h */ = {isa = PBXFileReference; lastKnownFileType = sourcecode.c.h; path = GameScene.h; sourceTree = "<group>"; };
		56D67B581AD6EAF90032CAA3 /* GameScene.m */ = {isa = PBXFileReference; lastKnownFileType = sourcecode.c.objc; path = GameScene.m; sourceTree = "<group>"; };
		56D67B5A1AD6EAF90032CAA3 /* GameScene.sks */ = {isa = PBXFileReference; lastKnownFileType = file.sks; path = GameScene.sks; sourceTree = "<group>"; };
		56D67B5C1AD6EAF90032CAA3 /* GameViewController.h */ = {isa = PBXFileReference; lastKnownFileType = sourcecode.c.h; path = GameViewController.h; sourceTree = "<group>"; };
		56D67B5D1AD6EAF90032CAA3 /* GameViewController.m */ = {isa = PBXFileReference; lastKnownFileType = sourcecode.c.objc; path = GameViewController.m; sourceTree = "<group>"; };
		56D67B601AD6EAF90032CAA3 /* Base */ = {isa = PBXFileReference; lastKnownFileType = file.storyboard; name = Base; path = Base.lproj/Main.storyboard; sourceTree = "<group>"; };
		56D67B651AD6EAF90032CAA3 /* Base */ = {isa = PBXFileReference; lastKnownFileType = file.xib; name = Base; path = Base.lproj/LaunchScreen.xib; sourceTree = "<group>"; };
		56D67B6B1AD6EAF90032CAA3 /* MagicFlightTests.xctest */ = {isa = PBXFileReference; explicitFileType = wrapper.cfbundle; includeInIndex = 0; path = MagicFlightTests.xctest; sourceTree = BUILT_PRODUCTS_DIR; };
		56D67B701AD6EAF90032CAA3 /* Info.plist */ = {isa = PBXFileReference; lastKnownFileType = text.plist.xml; path = Info.plist; sourceTree = "<group>"; };
		56D67B711AD6EAF90032CAA3 /* MagicFlightTests.m */ = {isa = PBXFileReference; lastKnownFileType = sourcecode.c.objc; path = MagicFlightTests.m; sourceTree = "<group>"; };
		56EFFE0F1AE598DC0096411D /* GamePausedScene.h */ = {isa = PBXFileReference; fileEncoding = 4; lastKnownFileType = sourcecode.c.h; path = GamePausedScene.h; sourceTree = "<group>"; };
		56EFFE101AE598DC0096411D /* GamePausedScene.m */ = {isa = PBXFileReference; fileEncoding = 4; lastKnownFileType = sourcecode.c.objc; path = GamePausedScene.m; sourceTree = "<group>"; };
		8FC8964F1AEAE0C900832C7D /* GameMenuSceneViewController.h */ = {isa = PBXFileReference; fileEncoding = 4; lastKnownFileType = sourcecode.c.h; path = GameMenuSceneViewController.h; sourceTree = "<group>"; };
		8FC896501AEAE0C900832C7D /* GameMenuSceneViewController.m */ = {isa = PBXFileReference; fileEncoding = 4; lastKnownFileType = sourcecode.c.objc; path = GameMenuSceneViewController.m; sourceTree = "<group>"; };
		8FC896521AEAE24700832C7D /* GameKit.framework */ = {isa = PBXFileReference; lastKnownFileType = wrapper.framework; name = GameKit.framework; path = System/Library/Frameworks/GameKit.framework; sourceTree = SDKROOT; };
/* End PBXFileReference section */

/* Begin PBXFrameworksBuildPhase section */
		56D67B4A1AD6EAF90032CAA3 /* Frameworks */ = {
			isa = PBXFrameworksBuildPhase;
			buildActionMask = 2147483647;
			files = (
				8FC896531AEAE24700832C7D /* GameKit.framework in Frameworks */,
			);
			runOnlyForDeploymentPostprocessing = 0;
		};
		56D67B681AD6EAF90032CAA3 /* Frameworks */ = {
			isa = PBXFrameworksBuildPhase;
			buildActionMask = 2147483647;
			files = (
			);
			runOnlyForDeploymentPostprocessing = 0;
		};
/* End PBXFrameworksBuildPhase section */

/* Begin PBXGroup section */
		294354F61AEAC4070094BAD5 /* Resources */ = {
			isa = PBXGroup;
			children = (
				294354F71AEAC43C0094BAD5 /* Fonts */,
			);
			name = Resources;
			path = MagicFlight;
			sourceTree = "<group>";
		};
		294354F71AEAC43C0094BAD5 /* Fonts */ = {
			isa = PBXGroup;
			children = (
				294354F81AEAC4480094BAD5 /* EnglishTowne.ttf */,
			);
			name = Fonts;
			sourceTree = "<group>";
		};
		294354F91AEAC48C0094BAD5 /* Music */ = {
			isa = PBXGroup;
			children = (
				294354FC1AEAC4C10094BAD5 /* menuMusic.mp3 */,
				294354FA1AEAC49F0094BAD5 /* gameMusic.mp3 */,
			);
			name = Music;
			sourceTree = "<group>";
		};
		56D67B441AD6EAF90032CAA3 = {
			isa = PBXGroup;
			children = (
				8FC896521AEAE24700832C7D /* GameKit.framework */,
				294354F61AEAC4070094BAD5 /* Resources */,
				56D67B4F1AD6EAF90032CAA3 /* MagicFlight */,
				56D67B6E1AD6EAF90032CAA3 /* MagicFlightTests */,
				56D67B4E1AD6EAF90032CAA3 /* Products */,
			);
			sourceTree = "<group>";
		};
		56D67B4E1AD6EAF90032CAA3 /* Products */ = {
			isa = PBXGroup;
			children = (
				56D67B4D1AD6EAF90032CAA3 /* MagicFlight.app */,
				56D67B6B1AD6EAF90032CAA3 /* MagicFlightTests.xctest */,
			);
			name = Products;
			sourceTree = "<group>";
		};
		56D67B4F1AD6EAF90032CAA3 /* MagicFlight */ = {
			isa = PBXGroup;
			children = (
				294354F91AEAC48C0094BAD5 /* Music */,
				294354F01AEAC3C30094BAD5 /* batImages.atlas */,
				294354F11AEAC3C30094BAD5 /* Images.xcassets */,
				294354F21AEAC3C30094BAD5 /* mageImages.atlas */,
				56D67B541AD6EAF90032CAA3 /* AppDelegate.h */,
				56D67B551AD6EAF90032CAA3 /* AppDelegate.m */,
				56D67B571AD6EAF90032CAA3 /* GameScene.h */,
				56D67B581AD6EAF90032CAA3 /* GameScene.m */,
				56EFFE0F1AE598DC0096411D /* GamePausedScene.h */,
				56EFFE101AE598DC0096411D /* GamePausedScene.m */,
				56B3D87D1AE1ABBE00DB9715 /* GameMenuScene.h */,
				56B3D87E1AE1ABBE00DB9715 /* GameMenuScene.m */,
				8FC8964F1AEAE0C900832C7D /* GameMenuSceneViewController.h */,
				8FC896501AEAE0C900832C7D /* GameMenuSceneViewController.m */,
				56B3D87F1AE1ABBE00DB9715 /* GameOverScene.h */,
				56B3D8801AE1ABBE00DB9715 /* GameOverScene.m */,
				56D67B5A1AD6EAF90032CAA3 /* GameScene.sks */,
				56D67B5C1AD6EAF90032CAA3 /* GameViewController.h */,
				56D67B5D1AD6EAF90032CAA3 /* GameViewController.m */,
				56D67B5F1AD6EAF90032CAA3 /* Main.storyboard */,
				56D67B641AD6EAF90032CAA3 /* LaunchScreen.xib */,
				56D67B501AD6EAF90032CAA3 /* Supporting Files */,
			);
			path = MagicFlight;
			sourceTree = "<group>";
		};
		56D67B501AD6EAF90032CAA3 /* Supporting Files */ = {
			isa = PBXGroup;
			children = (
				56D67B511AD6EAF90032CAA3 /* Info.plist */,
				56D67B521AD6EAF90032CAA3 /* main.m */,
			);
			name = "Supporting Files";
			sourceTree = "<group>";
		};
		56D67B6E1AD6EAF90032CAA3 /* MagicFlightTests */ = {
			isa = PBXGroup;
			children = (
				56D67B711AD6EAF90032CAA3 /* MagicFlightTests.m */,
				56D67B6F1AD6EAF90032CAA3 /* Supporting Files */,
			);
			path = MagicFlightTests;
			sourceTree = "<group>";
		};
		56D67B6F1AD6EAF90032CAA3 /* Supporting Files */ = {
			isa = PBXGroup;
			children = (
				56D67B701AD6EAF90032CAA3 /* Info.plist */,
			);
			name = "Supporting Files";
			sourceTree = "<group>";
		};
/* End PBXGroup section */

/* Begin PBXNativeTarget section */
		56D67B4C1AD6EAF90032CAA3 /* MagicFlight */ = {
			isa = PBXNativeTarget;
			buildConfigurationList = 56D67B751AD6EAF90032CAA3 /* Build configuration list for PBXNativeTarget "MagicFlight" */;
			buildPhases = (
				56D67B491AD6EAF90032CAA3 /* Sources */,
				56D67B4A1AD6EAF90032CAA3 /* Frameworks */,
				56D67B4B1AD6EAF90032CAA3 /* Resources */,
			);
			buildRules = (
			);
			dependencies = (
			);
			name = MagicFlight;
			productName = MagicFlight;
			productReference = 56D67B4D1AD6EAF90032CAA3 /* MagicFlight.app */;
			productType = "com.apple.product-type.application";
		};
		56D67B6A1AD6EAF90032CAA3 /* MagicFlightTests */ = {
			isa = PBXNativeTarget;
			buildConfigurationList = 56D67B781AD6EAF90032CAA3 /* Build configuration list for PBXNativeTarget "MagicFlightTests" */;
			buildPhases = (
				56D67B671AD6EAF90032CAA3 /* Sources */,
				56D67B681AD6EAF90032CAA3 /* Frameworks */,
				56D67B691AD6EAF90032CAA3 /* Resources */,
			);
			buildRules = (
			);
			dependencies = (
				56D67B6D1AD6EAF90032CAA3 /* PBXTargetDependency */,
			);
			name = MagicFlightTests;
			productName = MagicFlightTests;
			productReference = 56D67B6B1AD6EAF90032CAA3 /* MagicFlightTests.xctest */;
			productType = "com.apple.product-type.bundle.unit-test";
		};
/* End PBXNativeTarget section */

/* Begin PBXProject section */
		56D67B451AD6EAF90032CAA3 /* Project object */ = {
			isa = PBXProject;
			attributes = {
				LastUpgradeCheck = 0620;
				TargetAttributes = {
					56D67B4C1AD6EAF90032CAA3 = {
						CreatedOnToolsVersion = 6.2;
						SystemCapabilities = {
							com.apple.GameCenter = {
								enabled = 1;
							};
						};
					};
					56D67B6A1AD6EAF90032CAA3 = {
						CreatedOnToolsVersion = 6.2;
						TestTargetID = 56D67B4C1AD6EAF90032CAA3;
					};
				};
			};
			buildConfigurationList = 56D67B481AD6EAF90032CAA3 /* Build configuration list for PBXProject "MagicFlight" */;
			compatibilityVersion = "Xcode 3.2";
			developmentRegion = English;
			hasScannedForEncodings = 0;
			knownRegions = (
				en,
				Base,
			);
			mainGroup = 56D67B441AD6EAF90032CAA3;
			productRefGroup = 56D67B4E1AD6EAF90032CAA3 /* Products */;
			projectDirPath = "";
			projectRoot = "";
			targets = (
				56D67B4C1AD6EAF90032CAA3 /* MagicFlight */,
				56D67B6A1AD6EAF90032CAA3 /* MagicFlightTests */,
			);
		};
/* End PBXProject section */

/* Begin PBXResourcesBuildPhase section */
		56D67B4B1AD6EAF90032CAA3 /* Resources */ = {
			isa = PBXResourcesBuildPhase;
			buildActionMask = 2147483647;
			files = (
				56D67B661AD6EAF90032CAA3 /* LaunchScreen.xib in Resources */,
				294354FD1AEAC4C10094BAD5 /* menuMusic.mp3 in Resources */,
				294354F41AEAC3C30094BAD5 /* Images.xcassets in Resources */,
				56D67B5B1AD6EAF90032CAA3 /* GameScene.sks in Resources */,
				56D67B611AD6EAF90032CAA3 /* Main.storyboard in Resources */,
				294354FB1AEAC49F0094BAD5 /* gameMusic.mp3 in Resources */,
				294354F31AEAC3C30094BAD5 /* batImages.atlas in Resources */,
				294354F51AEAC3C30094BAD5 /* mageImages.atlas in Resources */,
			);
			runOnlyForDeploymentPostprocessing = 0;
		};
		56D67B691AD6EAF90032CAA3 /* Resources */ = {
			isa = PBXResourcesBuildPhase;
			buildActionMask = 2147483647;
			files = (
			);
			runOnlyForDeploymentPostprocessing = 0;
		};
/* End PBXResourcesBuildPhase section */

/* Begin PBXSourcesBuildPhase section */
		56D67B491AD6EAF90032CAA3 /* Sources */ = {
			isa = PBXSourcesBuildPhase;
			buildActionMask = 2147483647;
			files = (
				56EFFE111AE598DC0096411D /* GamePausedScene.m in Sources */,
				56D67B5E1AD6EAF90032CAA3 /* GameViewController.m in Sources */,
				56D67B561AD6EAF90032CAA3 /* AppDelegate.m in Sources */,
				56D67B591AD6EAF90032CAA3 /* GameScene.m in Sources */,
				8FC896511AEAE0C900832C7D /* GameMenuSceneViewController.m in Sources */,
				56B3D8811AE1ABBE00DB9715 /* GameMenuScene.m in Sources */,
				56B3D8821AE1ABBE00DB9715 /* GameOverScene.m in Sources */,
				56D67B531AD6EAF90032CAA3 /* main.m in Sources */,
			);
			runOnlyForDeploymentPostprocessing = 0;
		};
		56D67B671AD6EAF90032CAA3 /* Sources */ = {
			isa = PBXSourcesBuildPhase;
			buildActionMask = 2147483647;
			files = (
				56D67B721AD6EAF90032CAA3 /* MagicFlightTests.m in Sources */,
			);
			runOnlyForDeploymentPostprocessing = 0;
		};
/* End PBXSourcesBuildPhase section */

/* Begin PBXTargetDependency section */
		56D67B6D1AD6EAF90032CAA3 /* PBXTargetDependency */ = {
			isa = PBXTargetDependency;
			target = 56D67B4C1AD6EAF90032CAA3 /* MagicFlight */;
			targetProxy = 56D67B6C1AD6EAF90032CAA3 /* PBXContainerItemProxy */;
		};
/* End PBXTargetDependency section */

/* Begin PBXVariantGroup section */
		56D67B5F1AD6EAF90032CAA3 /* Main.storyboard */ = {
			isa = PBXVariantGroup;
			children = (
				56D67B601AD6EAF90032CAA3 /* Base */,
			);
			name = Main.storyboard;
			sourceTree = "<group>";
		};
		56D67B641AD6EAF90032CAA3 /* LaunchScreen.xib */ = {
			isa = PBXVariantGroup;
			children = (
				56D67B651AD6EAF90032CAA3 /* Base */,
			);
			name = LaunchScreen.xib;
			sourceTree = "<group>";
		};
/* End PBXVariantGroup section */

/* Begin XCBuildConfiguration section */
		56D67B731AD6EAF90032CAA3 /* Debug */ = {
			isa = XCBuildConfiguration;
			buildSettings = {
				ALWAYS_SEARCH_USER_PATHS = NO;
				CLANG_CXX_LANGUAGE_STANDARD = "gnu++0x";
				CLANG_CXX_LIBRARY = "libc++";
				CLANG_ENABLE_MODULES = YES;
				CLANG_ENABLE_OBJC_ARC = YES;
				CLANG_WARN_BOOL_CONVERSION = YES;
				CLANG_WARN_CONSTANT_CONVERSION = YES;
				CLANG_WARN_DIRECT_OBJC_ISA_USAGE = YES_ERROR;
				CLANG_WARN_EMPTY_BODY = YES;
				CLANG_WARN_ENUM_CONVERSION = YES;
				CLANG_WARN_INT_CONVERSION = YES;
				CLANG_WARN_OBJC_ROOT_CLASS = YES_ERROR;
				CLANG_WARN_UNREACHABLE_CODE = YES;
				CLANG_WARN__DUPLICATE_METHOD_MATCH = YES;
				"CODE_SIGN_IDENTITY[sdk=iphoneos*]" = "iPhone Developer";
				COPY_PHASE_STRIP = NO;
				ENABLE_STRICT_OBJC_MSGSEND = YES;
				GCC_C_LANGUAGE_STANDARD = gnu99;
				GCC_DYNAMIC_NO_PIC = NO;
				GCC_OPTIMIZATION_LEVEL = 0;
				GCC_PREPROCESSOR_DEFINITIONS = (
					"DEBUG=1",
					"$(inherited)",
				);
				GCC_SYMBOLS_PRIVATE_EXTERN = NO;
				GCC_WARN_64_TO_32_BIT_CONVERSION = YES;
				GCC_WARN_ABOUT_RETURN_TYPE = YES_ERROR;
				GCC_WARN_UNDECLARED_SELECTOR = YES;
				GCC_WARN_UNINITIALIZED_AUTOS = YES_AGGRESSIVE;
				GCC_WARN_UNUSED_FUNCTION = YES;
				GCC_WARN_UNUSED_VARIABLE = YES;
				IPHONEOS_DEPLOYMENT_TARGET = 8.2;
				MTL_ENABLE_DEBUG_INFO = YES;
				ONLY_ACTIVE_ARCH = YES;
				SDKROOT = iphoneos;
			};
			name = Debug;
		};
		56D67B741AD6EAF90032CAA3 /* Release */ = {
			isa = XCBuildConfiguration;
			buildSettings = {
				ALWAYS_SEARCH_USER_PATHS = NO;
				CLANG_CXX_LANGUAGE_STANDARD = "gnu++0x";
				CLANG_CXX_LIBRARY = "libc++";
				CLANG_ENABLE_MODULES = YES;
				CLANG_ENABLE_OBJC_ARC = YES;
				CLANG_WARN_BOOL_CONVERSION = YES;
				CLANG_WARN_CONSTANT_CONVERSION = YES;
				CLANG_WARN_DIRECT_OBJC_ISA_USAGE = YES_ERROR;
				CLANG_WARN_EMPTY_BODY = YES;
				CLANG_WARN_ENUM_CONVERSION = YES;
				CLANG_WARN_INT_CONVERSION = YES;
				CLANG_WARN_OBJC_ROOT_CLASS = YES_ERROR;
				CLANG_WARN_UNREACHABLE_CODE = YES;
				CLANG_WARN__DUPLICATE_METHOD_MATCH = YES;
				"CODE_SIGN_IDENTITY[sdk=iphoneos*]" = "iPhone Developer";
				COPY_PHASE_STRIP = NO;
				ENABLE_NS_ASSERTIONS = NO;
				ENABLE_STRICT_OBJC_MSGSEND = YES;
				GCC_C_LANGUAGE_STANDARD = gnu99;
				GCC_WARN_64_TO_32_BIT_CONVERSION = YES;
				GCC_WARN_ABOUT_RETURN_TYPE = YES_ERROR;
				GCC_WARN_UNDECLARED_SELECTOR = YES;
				GCC_WARN_UNINITIALIZED_AUTOS = YES_AGGRESSIVE;
				GCC_WARN_UNUSED_FUNCTION = YES;
				GCC_WARN_UNUSED_VARIABLE = YES;
				IPHONEOS_DEPLOYMENT_TARGET = 8.2;
				MTL_ENABLE_DEBUG_INFO = NO;
				SDKROOT = iphoneos;
				VALIDATE_PRODUCT = YES;
			};
			name = Release;
		};
		56D67B761AD6EAF90032CAA3 /* Debug */ = {
			isa = XCBuildConfiguration;
			buildSettings = {
				ASSETCATALOG_COMPILER_APPICON_NAME = AppIcon;
				CODE_SIGN_IDENTITY = "iPhone Developer";
				"CODE_SIGN_IDENTITY[sdk=iphoneos*]" = "iPhone Developer";
				INFOPLIST_FILE = MagicFlight/Info.plist;
				IPHONEOS_DEPLOYMENT_TARGET = 8.3;
				LD_RUNPATH_SEARCH_PATHS = "$(inherited) @executable_path/Frameworks";
				PRODUCT_NAME = "$(TARGET_NAME)";
				PROVISIONING_PROFILE = "";
				TARGETED_DEVICE_FAMILY = 1;
			};
			name = Debug;
		};
		56D67B771AD6EAF90032CAA3 /* Release */ = {
			isa = XCBuildConfiguration;
			buildSettings = {
				ASSETCATALOG_COMPILER_APPICON_NAME = AppIcon;
				CODE_SIGN_IDENTITY = "iPhone Developer";
				"CODE_SIGN_IDENTITY[sdk=iphoneos*]" = "iPhone Developer";
				INFOPLIST_FILE = MagicFlight/Info.plist;
				IPHONEOS_DEPLOYMENT_TARGET = 8.3;
				LD_RUNPATH_SEARCH_PATHS = "$(inherited) @executable_path/Frameworks";
				PRODUCT_NAME = "$(TARGET_NAME)";
				PROVISIONING_PROFILE = "";
				TARGETED_DEVICE_FAMILY = 1;
			};
			name = Release;
		};
		56D67B791AD6EAF90032CAA3 /* Debug */ = {
			isa = XCBuildConfiguration;
			buildSettings = {
				BUNDLE_LOADER = "$(TEST_HOST)";
				FRAMEWORK_SEARCH_PATHS = (
					"$(SDKROOT)/Developer/Library/Frameworks",
					"$(inherited)",
				);
				GCC_PREPROCESSOR_DEFINITIONS = (
					"DEBUG=1",
					"$(inherited)",
				);
				INFOPLIST_FILE = MagicFlightTests/Info.plist;
				LD_RUNPATH_SEARCH_PATHS = "$(inherited) @executable_path/Frameworks @loader_path/Frameworks";
				PRODUCT_NAME = "$(TARGET_NAME)";
				TEST_HOST = "$(BUILT_PRODUCTS_DIR)/MagicFlight.app/MagicFlight";
			};
			name = Debug;
		};
		56D67B7A1AD6EAF90032CAA3 /* Release */ = {
			isa = XCBuildConfiguration;
			buildSettings = {
				BUNDLE_LOADER = "$(TEST_HOST)";
				FRAMEWORK_SEARCH_PATHS = (
					"$(SDKROOT)/Developer/Library/Frameworks",
					"$(inherited)",
				);
				INFOPLIST_FILE = MagicFlightTests/Info.plist;
				LD_RUNPATH_SEARCH_PATHS = "$(inherited) @executable_path/Frameworks @loader_path/Frameworks";
				PRODUCT_NAME = "$(TARGET_NAME)";
				TEST_HOST = "$(BUILT_PRODUCTS_DIR)/MagicFlight.app/MagicFlight";
			};
			name = Release;
		};
/* End XCBuildConfiguration section */

/* Begin XCConfigurationList section */
		56D67B481AD6EAF90032CAA3 /* Build configuration list for PBXProject "MagicFlight" */ = {
			isa = XCConfigurationList;
			buildConfigurations = (
				56D67B731AD6EAF90032CAA3 /* Debug */,
				56D67B741AD6EAF90032CAA3 /* Release */,
			);
			defaultConfigurationIsVisible = 0;
			defaultConfigurationName = Release;
		};
		56D67B751AD6EAF90032CAA3 /* Build configuration list for PBXNativeTarget "MagicFlight" */ = {
			isa = XCConfigurationList;
			buildConfigurations = (
				56D67B761AD6EAF90032CAA3 /* Debug */,
				56D67B771AD6EAF90032CAA3 /* Release */,
			);
			defaultConfigurationIsVisible = 0;
			defaultConfigurationName = Release;
		};
		56D67B781AD6EAF90032CAA3 /* Build configuration list for PBXNativeTarget "MagicFlightTests" */ = {
			isa = XCConfigurationList;
			buildConfigurations = (
				56D67B791AD6EAF90032CAA3 /* Debug */,
				56D67B7A1AD6EAF90032CAA3 /* Release */,
			);
			defaultConfigurationIsVisible = 0;
			defaultConfigurationName = Release;
		};
/* End XCConfigurationList section */
	};
	rootObject = 56D67B451AD6EAF90032CAA3 /* Project object */;
}
